
Microsoft Visual Studio Solution File, Format Version 12.00
# Visual Studio Version 16
VisualStudioVersion = 16.0.29519.181
MinimumVisualStudioVersion = 10.0.40219.1
Project("{9A19103F-16F7-4668-BE54-9A1E7A4F7556}") = "ADSync_New", "ADSync_New\ADSync_New.csproj", "{6F83E473-DB88-4FEC-8718-28925EACEFDB}"
EndProject
Project("{FAE04EC0-301F-11D3-BF4B-00C04F79EFBC}") = "ADSync_DAL", "ADSync_DAL\ADSync_DAL.csproj", "{8331A00B-CECA-4FAE-AA37-BEFD0E0E5CDB}"
EndProject
Project("{FAE04EC0-301F-11D3-BF4B-00C04F79EFBC}") = "ADSync_BLL", "ADSync_BLL\ADSync_BLL.csproj", "{84673C38-794B-458E-BA08-8457D2E46638}"
EndProject
Project("{FAE04EC0-301F-11D3-BF4B-00C04F79EFBC}") = "ADSync_DML", "ADSync_DML\ADSync_DML.csproj", "{D3BF3545-EEBA-44F7-AA1E-931AF9460801}"
EndProject
Project("{FAE04EC0-301F-11D3-BF4B-00C04F79EFBC}") = "ADSync_Utility", "ADSync_Utility\ADSync_Utility.csproj", "{7A3EAC02-5D80-47BD-AF42-FF86BE00069B}"
EndProject
Global
	GlobalSection(SolutionConfigurationPlatforms) = preSolution
		Debug|Any CPU = Debug|Any CPU
		Release|Any CPU = Release|Any CPU
	EndGlobalSection
	GlobalSection(ProjectConfigurationPlatforms) = postSolution
		{6F83E473-DB88-4FEC-8718-28925EACEFDB}.Debug|Any CPU.ActiveCfg = Debug|Any CPU
		{6F83E473-DB88-4FEC-8718-28925EACEFDB}.Debug|Any CPU.Build.0 = Debug|Any CPU
		{6F83E473-DB88-4FEC-8718-28925EACEFDB}.Release|Any CPU.ActiveCfg = Release|Any CPU
		{6F83E473-DB88-4FEC-8718-28925EACEFDB}.Release|Any CPU.Build.0 = Release|Any CPU
		{8331A00B-CECA-4FAE-AA37-BEFD0E0E5CDB}.Debug|Any CPU.ActiveCfg = Debug|Any CPU
		{8331A00B-CECA-4FAE-AA37-BEFD0E0E5CDB}.Debug|Any CPU.Build.0 = Debug|Any CPU
		{8331A00B-CECA-4FAE-AA37-BEFD0E0E5CDB}.Release|Any CPU.ActiveCfg = Release|Any CPU
		{8331A00B-CECA-4FAE-AA37-BEFD0E0E5CDB}.Release|Any CPU.Build.0 = Release|Any CPU
		{84673C38-794B-458E-BA08-8457D2E46638}.Debug|Any CPU.ActiveCfg = Debug|Any CPU
		{84673C38-794B-458E-BA08-8457D2E46638}.Debug|Any CPU.Build.0 = Debug|Any CPU
		{84673C38-794B-458E-BA08-8457D2E46638}.Release|Any CPU.ActiveCfg = Release|Any CPU
		{84673C38-794B-458E-BA08-8457D2E46638}.Release|Any CPU.Build.0 = Release|Any CPU
		{D3BF3545-EEBA-44F7-AA1E-931AF9460801}.Debug|Any CPU.ActiveCfg = Debug|Any CPU
		{D3BF3545-EEBA-44F7-AA1E-931AF9460801}.Debug|Any CPU.Build.0 = Debug|Any CPU
		{D3BF3545-EEBA-44F7-AA1E-931AF9460801}.Release|Any CPU.ActiveCfg = Release|Any CPU
		{D3BF3545-EEBA-44F7-AA1E-931AF9460801}.Release|Any CPU.Build.0 = Release|Any CPU
		{7A3EAC02-5D80-47BD-AF42-FF86BE00069B}.Debug|Any CPU.ActiveCfg = Debug|Any CPU
		{7A3EAC02-5D80-47BD-AF42-FF86BE00069B}.Debug|Any CPU.Build.0 = Debug|Any CPU
		{7A3EAC02-5D80-47BD-AF42-FF86BE00069B}.Release|Any CPU.ActiveCfg = Release|Any CPU
		{7A3EAC02-5D80-47BD-AF42-FF86BE00069B}.Release|Any CPU.Build.0 = Release|Any CPU
	EndGlobalSection
	GlobalSection(SolutionProperties) = preSolution
		HideSolutionNode = FALSE
	EndGlobalSection
	GlobalSection(ExtensibilityGlobals) = postSolution
		SolutionGuid = {995D0C44-7A18-4258-A249-6BBC371C789E}
	EndGlobalSection
EndGlobal
